# THIS IS AN AUTOGENERATED FILE. DO NOT EDIT THIS FILE DIRECTLY.
# yarn lockfile v1


csv-writer@^1.5.0:
  version "1.5.0"
  resolved "https://registry.yarnpkg.com/csv-writer/-/csv-writer-1.5.0.tgz#86c669be32cdd55dc2b66d722a3906f562547884"
  integrity sha512-Um27xYNzwI6iAXf96tz7j8nnabBbADeDd2cQ5gAjJaXyPrj3C7qX7uCI8Wp8Q+e9rRdkWQ+Sa1J6X5cDyInLWw==

es6-promise@^4.2.8:
  version "4.2.8"
  resolved "https://registry.yarnpkg.com/es6-promise/-/es6-promise-4.2.8.tgz#4eb21594c972bc40553d276e510539143db53e0a"
  integrity sha512-HJDGx5daxeIvxdBxvG2cb9g4tEvwIk3i8+nhX0yGrYmZUzbkdg8QbDevheDB8gd0//uPj4c1EQua8Q+MViT0/w==

fetch-retry@^3.1.0:
  version "3.2.3"
  resolved "https://registry.yarnpkg.com/fetch-retry/-/fetch-retry-3.2.3.tgz#ed5f8a91d6cb3b25cfa96a8b676c96564df0c7d7"
  integrity sha512-baMBEv4uZ1X1cUZAvnM+C9XI7tl4CgHgJE0KBHo3JzuXO7atOeWD5HSkDA2oLYpbzLTZNslFckLkIn6T96hlew==
  dependencies:
    es6-promise "^4.2.8"

node-fetch@^2.6.1:
  version "2.6.1"
  resolved "https://registry.yarnpkg.com/node-fetch/-/node-fetch-2.6.1.tgz#045bd323631f76ed2e2b55573394416b639a0052"
  integrity sha512-V4aYg89jEoVRxRb2fJdAg8FHvI7cEyYdVAh94HH0UIK8oJxUfkjlDQN9RbMx+bEjP7+ggMiFRprSti032Oipxw==
